# This file is automatically @generated by Cargo.
# It is not intended for manual editing.
version = 3

[[package]]
name = "aoc"
version = "0.1.0"

[[package]]
name = "intset"
version = "1.0.2"
source = "registry+https://github.com/rust-lang/crates.io-index"
checksum = "6c0c5728a5d09022d01c6f8a716796123933297460344501b25d2e1bfd8e1db2"

[[package]]
name = "sudoku"
version = "0.1.0"
dependencies = [
 "aoc",
 "intset",
]
